
Microsoft Visual Studio Solution File, Format Version 12.00
# Visual Studio Version 16
VisualStudioVersion = 16.0.33027.164
MinimumVisualStudioVersion = 10.0.40219.1
Project("{CC5FD16D-436D-48AD-A40C-5A424C6E3E79}") = "Pract_9 (Azure)", "Pract_9 (Azure)\Pract_9 (Azure).ccproj", "{3A103FA2-3435-484D-9EEE-E60C4D649AF1}"
EndProject
Project("{FAE04EC0-301F-11D3-BF4B-00C04F79EFBC}") = "WebRole1", "WebRole1\WebRole1.csproj", "{84DED40C-CECD-49FC-ACDC-91EB83CE43B6}"
EndProject
Global
	GlobalSection(SolutionConfigurationPlatforms) = preSolution
		Debug|Any CPU = Debug|Any CPU
		Release|Any CPU = Release|Any CPU
	EndGlobalSection
	GlobalSection(ProjectConfigurationPlatforms) = postSolution
		{3A103FA2-3435-484D-9EEE-E60C4D649AF1}.Debug|Any CPU.ActiveCfg = Debug|Any CPU
		{3A103FA2-3435-484D-9EEE-E60C4D649AF1}.Debug|Any CPU.Build.0 = Debug|Any CPU
		{3A103FA2-3435-484D-9EEE-E60C4D649AF1}.Release|Any CPU.ActiveCfg = Release|Any CPU
		{3A103FA2-3435-484D-9EEE-E60C4D649AF1}.Release|Any CPU.Build.0 = Release|Any CPU
		{84DED40C-CECD-49FC-ACDC-91EB83CE43B6}.Debug|Any CPU.ActiveCfg = Debug|Any CPU
		{84DED40C-CECD-49FC-ACDC-91EB83CE43B6}.Debug|Any CPU.Build.0 = Debug|Any CPU
		{84DED40C-CECD-49FC-ACDC-91EB83CE43B6}.Release|Any CPU.ActiveCfg = Release|Any CPU
		{84DED40C-CECD-49FC-ACDC-91EB83CE43B6}.Release|Any CPU.Build.0 = Release|Any CPU
	EndGlobalSection
	GlobalSection(SolutionProperties) = preSolution
		HideSolutionNode = FALSE
	EndGlobalSection
	GlobalSection(ExtensibilityGlobals) = postSolution
		SolutionGuid = {C2664229-02D8-4380-8485-EB8AC2E5F8D6}
	EndGlobalSection
EndGlobal
